// !$*UTF8*$!
{
	archiveVersion = 1;
	classes = {
	};
	objectVersion = 56;
	objects = {

/* Begin PBXBuildFile section */
		7F8A12B62AA0B7FD00AE0109 /* LittleLemonCapstoneApp.swift in Sources */ = {isa = PBXBuildFile; fileRef = 7F8A12B52AA0B7FD00AE0109 /* LittleLemonCapstoneApp.swift */; };
		7F8A12B82AA0B7FD00AE0109 /* ContentView.swift in Sources */ = {isa = PBXBuildFile; fileRef = 7F8A12B72AA0B7FD00AE0109 /* ContentView.swift */; };
		7F8A12BA2AA0B7FF00AE0109 /* Assets.xcassets in Resources */ = {isa = PBXBuildFile; fileRef = 7F8A12B92AA0B7FF00AE0109 /* Assets.xcassets */; };
		7F8A12BD2AA0B7FF00AE0109 /* Preview Assets.xcassets in Resources */ = {isa = PBXBuildFile; fileRef = 7F8A12BC2AA0B7FF00AE0109 /* Preview Assets.xcassets */; };
		7F8A12BF2AA0B7FF00AE0109 /* Persistence.swift in Sources */ = {isa = PBXBuildFile; fileRef = 7F8A12BE2AA0B7FF00AE0109 /* Persistence.swift */; };
		7F8A12C22AA0B7FF00AE0109 /* LittleLemonCapstone.xcdatamodeld in Sources */ = {isa = PBXBuildFile; fileRef = 7F8A12C02AA0B7FF00AE0109 /* LittleLemonCapstone.xcdatamodeld */; };
/* End PBXBuildFile section */

/* Begin PBXFileReference section */
		7F8A12B22AA0B7FD00AE0109 /* LittleLemonCapstone.app */ = {isa = PBXFileReference; explicitFileType = wrapper.application; includeInIndex = 0; path = LittleLemonCapstone.app; sourceTree = BUILT_PRODUCTS_DIR; };
		7F8A12B52AA0B7FD00AE0109 /* LittleLemonCapstoneApp.swift */ = {isa = PBXFileReference; lastKnownFileType = sourcecode.swift; path = LittleLemonCapstoneApp.swift; sourceTree = "<group>"; };
		7F8A12B72AA0B7FD00AE0109 /* ContentView.swift */ = {isa = PBXFileReference; lastKnownFileType = sourcecode.swift; path = ContentView.swift; sourceTree = "<group>"; };
		7F8A12B92AA0B7FF00AE0109 /* Assets.xcassets */ = {isa = PBXFileReference; lastKnownFileType = folder.assetcatalog; path = Assets.xcassets; sourceTree = "<group>"; };
		7F8A12BC2AA0B7FF00AE0109 /* Preview Assets.xcassets */ = {isa = PBXFileReference; lastKnownFileType = folder.assetcatalog; path = "Preview Assets.xcassets"; sourceTree = "<group>"; };
		7F8A12BE2AA0B7FF00AE0109 /* Persistence.swift */ = {isa = PBXFileReference; lastKnownFileType = sourcecode.swift; path = Persistence.swift; sourceTree = "<group>"; };
		7F8A12C12AA0B7FF00AE0109 /* LittleLemonCapstone.xcdatamodel */ = {isa = PBXFileReference; lastKnownFileType = wrapper.xcdatamodel; path = LittleLemonCapstone.xcdatamodel; sourceTree = "<group>"; };
/* End PBXFileReference section */

/* Begin PBXFrameworksBuildPhase section */
		7F8A12AF2AA0B7FD00AE0109 /* Frameworks */ = {
			isa = PBXFrameworksBuildPhase;
			buildActionMask = 2147483647;
			files = (
			);
			runOnlyForDeploymentPostprocessing = 0;
		};
/* End PBXFrameworksBuildPhase section */

/* Begin PBXGroup section */
		7F8A12A92AA0B7FD00AE0109 = {
			isa = PBXGroup;
			children = (
				7F8A12B42AA0B7FD00AE0109 /* LittleLemonCapstone */,
				7F8A12B32AA0B7FD00AE0109 /* Products */,
			);
			sourceTree = "<group>";
		};
		7F8A12B32AA0B7FD00AE0109 /* Products */ = {
			isa = PBXGroup;
			children = (
				7F8A12B22AA0B7FD00AE0109 /* LittleLemonCapstone.app */,
			);
			name = Products;
			sourceTree = "<group>";
		};
		7F8A12B42AA0B7FD00AE0109 /* LittleLemonCapstone */ = {
			isa = PBXGroup;
			children = (
				7F8A12B52AA0B7FD00AE0109 /* LittleLemonCapstoneApp.swift */,
				7F8A12B72AA0B7FD00AE0109 /* ContentView.swift */,
				7F8A12B92AA0B7FF00AE0109 /* Assets.xcassets */,
				7F8A12BE2AA0B7FF00AE0109 /* Persistence.swift */,
				7F8A12C02AA0B7FF00AE0109 /* LittleLemonCapstone.xcdatamodeld */,
				7F8A12BB2AA0B7FF00AE0109 /* Preview Content */,
			);
			path = LittleLemonCapstone;
			sourceTree = "<group>";
		};
		7F8A12BB2AA0B7FF00AE0109 /* Preview Content */ = {
			isa = PBXGroup;
			children = (
				7F8A12BC2AA0B7FF00AE0109 /* Preview Assets.xcassets */,
			);
			path = "Preview Content";
			sourceTree = "<group>";
		};
/* End PBXGroup section */

/* Begin PBXNativeTarget section */
		7F8A12B12AA0B7FD00AE0109 /* LittleLemonCapstone */ = {
			isa = PBXNativeTarget;
			buildConfigurationList = 7F8A12C52AA0B7FF00AE0109 /* Build configuration list for PBXNativeTarget "LittleLemonCapstone" */;
			buildPhases = (
				7F8A12AE2AA0B7FD00AE0109 /* Sources */,
				7F8A12AF2AA0B7FD00AE0109 /* Frameworks */,
				7F8A12B02AA0B7FD00AE0109 /* Resources */,
			);
			buildRules = (
			);
			dependencies = (
			);
			name = LittleLemonCapstone;
			productName = LittleLemonCapstone;
			productReference = 7F8A12B22AA0B7FD00AE0109 /* LittleLemonCapstone.app */;
			productType = "com.apple.product-type.application";
		};
/* End PBXNativeTarget section */

/* Begin PBXProject section */
		7F8A12AA2AA0B7FD00AE0109 /* Project object */ = {
			isa = PBXProject;
			attributes = {
				BuildIndependentTargetsInParallel = 1;
				LastSwiftUpdateCheck = 1420;
				LastUpgradeCheck = 1420;
				TargetAttributes = {
					7F8A12B12AA0B7FD00AE0109 = {
						CreatedOnToolsVersion = 14.2;
					};
				};
			};
			buildConfigurationList = 7F8A12AD2AA0B7FD00AE0109 /* Build configuration list for PBXProject "LittleLemonCapstone" */;
			compatibilityVersion = "Xcode 14.0";
			developmentRegion = en;
			hasScannedForEncodings = 0;
			knownRegions = (
				en,
				Base,
			);
			mainGroup = 7F8A12A92AA0B7FD00AE0109;
			productRefGroup = 7F8A12B32AA0B7FD00AE0109 /* Products */;
			projectDirPath = "";
			projectRoot = "";
			targets = (
				7F8A12B12AA0B7FD00AE0109 /* LittleLemonCapstone */,
			);
		};
/* End PBXProject section */

/* Begin PBXResourcesBuildPhase section */
		7F8A12B02AA0B7FD00AE0109 /* Resources */ = {
			isa = PBXResourcesBuildPhase;
			buildActionMask = 2147483647;
			files = (
				7F8A12BD2AA0B7FF00AE0109 /* Preview Assets.xcassets in Resources */,
				7F8A12BA2AA0B7FF00AE0109 /* Assets.xcassets in Resources */,
			);
			runOnlyForDeploymentPostprocessing = 0;
		};
/* End PBXResourcesBuildPhase section */

/* Begin PBXSourcesBuildPhase section */
		7F8A12AE2AA0B7FD00AE0109 /* Sources */ = {
			isa = PBXSourcesBuildPhase;
			buildActionMask = 2147483647;
			files = (
				7F8A12C22AA0B7FF00AE0109 /* LittleLemonCapstone.xcdatamodeld in Sources */,
				7F8A12BF2AA0B7FF00AE0109 /* Persistence.swift in Sources */,
				7F8A12B82AA0B7FD00AE0109 /* ContentView.swift in Sources */,
				7F8A12B62AA0B7FD00AE0109 /* LittleLemonCapstoneApp.swift in Sources */,
			);
			runOnlyForDeploymentPostprocessing = 0;
		};
/* End PBXSourcesBuildPhase section */

/* Begin XCBuildConfiguration section */
		7F8A12C32AA0B7FF00AE0109 /* Debug */ = {
			isa = XCBuildConfiguration;
			buildSettings = {
				ALWAYS_SEARCH_USER_PATHS = NO;
				CLANG_ANALYZER_NONNULL = YES;
				CLANG_ANALYZER_NUMBER_OBJECT_CONVERSION = YES_AGGRESSIVE;
				CLANG_CXX_LANGUAGE_STANDARD = "gnu++20";
				CLANG_ENABLE_MODULES = YES;
				CLANG_ENABLE_OBJC_ARC = YES;
				CLANG_ENABLE_OBJC_WEAK = YES;
				CLANG_WARN_BLOCK_CAPTURE_AUTORELEASING = YES;
				CLANG_WARN_BOOL_CONVERSION = YES;
				CLANG_WARN_COMMA = YES;
				CLANG_WARN_CONSTANT_CONVERSION = YES;
				CLANG_WARN_DEPRECATED_OBJC_IMPLEMENTATIONS = YES;
				CLANG_WARN_DIRECT_OBJC_ISA_USAGE = YES_ERROR;
				CLANG_WARN_DOCUMENTATION_COMMENTS = YES;
				CLANG_WARN_EMPTY_BODY = YES;
				CLANG_WARN_ENUM_CONVERSION = YES;
				CLANG_WARN_INFINITE_RECURSION = YES;
				CLANG_WARN_INT_CONVERSION = YES;
				CLANG_WARN_NON_LITERAL_NULL_CONVERSION = YES;
				CLANG_WARN_OBJC_IMPLICIT_RETAIN_SELF = YES;
				CLANG_WARN_OBJC_LITERAL_CONVERSION = YES;
				CLANG_WARN_OBJC_ROOT_CLASS = YES_ERROR;
				CLANG_WARN_QUOTED_INCLUDE_IN_FRAMEWORK_HEADER = YES;
				CLANG_WARN_RANGE_LOOP_ANALYSIS = YES;
				CLANG_WARN_STRICT_PROTOTYPES = YES;
				CLANG_WARN_SUSPICIOUS_MOVE = YES;
				CLANG_WARN_UNGUARDED_AVAILABILITY = YES_AGGRESSIVE;
				CLANG_WARN_UNREACHABLE_CODE = YES;
				CLANG_WARN__DUPLICATE_METHOD_MATCH = YES;
				COPY_PHASE_STRIP = NO;
				DEBUG_INFORMATION_FORMAT = dwarf;
				ENABLE_STRICT_OBJC_MSGSEND = YES;
				ENABLE_TESTABILITY = YES;
				GCC_C_LANGUAGE_STANDARD = gnu11;
				GCC_DYNAMIC_NO_PIC = NO;
				GCC_NO_COMMON_BLOCKS = YES;
				GCC_OPTIMIZATION_LEVEL = 0;
				GCC_PREPROCESSOR_DEFINITIONS = (
					"DEBUG=1",
					"$(inherited)",
				);
				GCC_WARN_64_TO_32_BIT_CONVERSION = YES;
				GCC_WARN_ABOUT_RETURN_TYPE = YES_ERROR;
				GCC_WARN_UNDECLARED_SELECTOR = YES;
				GCC_WARN_UNINITIALIZED_AUTOS = YES_AGGRESSIVE;
				GCC_WARN_UNUSED_FUNCTION = YES;
				GCC_WARN_UNUSED_VARIABLE = YES;
				IPHONEOS_DEPLOYMENT_TARGET = 16.2;
				MTL_ENABLE_DEBUG_INFO = INCLUDE_SOURCE;
				MTL_FAST_MATH = YES;
				ONLY_ACTIVE_ARCH = YES;
				SDKROOT = iphoneos;
				SWIFT_ACTIVE_COMPILATION_CONDITIONS = DEBUG;
				SWIFT_OPTIMIZATION_LEVEL = "-Onone";
			};
			name = Debug;
		};
		7F8A12C42AA0B7FF00AE0109 /* Release */ = {
			isa = XCBuildConfiguration;
			buildSettings = {
				ALWAYS_SEARCH_USER_PATHS = NO;
				CLANG_ANALYZER_NONNULL = YES;
				CLANG_ANALYZER_NUMBER_OBJECT_CONVERSION = YES_AGGRESSIVE;
				CLANG_CXX_LANGUAGE_STANDARD = "gnu++20";
				CLANG_ENABLE_MODULES = YES;
				CLANG_ENABLE_OBJC_ARC = YES;
				CLANG_ENABLE_OBJC_WEAK = YES;
				CLANG_WARN_BLOCK_CAPTURE_AUTORELEASING = YES;
				CLANG_WARN_BOOL_CONVERSION = YES;
				CLANG_WARN_COMMA = YES;
				CLANG_WARN_CONSTANT_CONVERSION = YES;
				CLANG_WARN_DEPRECATED_OBJC_IMPLEMENTATIONS = YES;
				CLANG_WARN_DIRECT_OBJC_ISA_USAGE = YES_ERROR;
				CLANG_WARN_DOCUMENTATION_COMMENTS = YES;
				CLANG_WARN_EMPTY_BODY = YES;
				CLANG_WARN_ENUM_CONVERSION = YES;
				CLANG_WARN_INFINITE_RECURSION = YES;
				CLANG_WARN_INT_CONVERSION = YES;
				CLANG_WARN_NON_LITERAL_NULL_CONVERSION = YES;
				CLANG_WARN_OBJC_IMPLICIT_RETAIN_SELF = YES;
				CLANG_WARN_OBJC_LITERAL_CONVERSION = YES;
				CLANG_WARN_OBJC_ROOT_CLASS = YES_ERROR;
				CLANG_WARN_QUOTED_INCLUDE_IN_FRAMEWORK_HEADER = YES;
				CLANG_WARN_RANGE_LOOP_ANALYSIS = YES;
				CLANG_WARN_STRICT_PROTOTYPES = YES;
				CLANG_WARN_SUSPICIOUS_MOVE = YES;
				CLANG_WARN_UNGUARDED_AVAILABILITY = YES_AGGRESSIVE;
				CLANG_WARN_UNREACHABLE_CODE = YES;
				CLANG_WARN__DUPLICATE_METHOD_MATCH = YES;
				COPY_PHASE_STRIP = NO;
				DEBUG_INFORMATION_FORMAT = "dwarf-with-dsym";
				ENABLE_NS_ASSERTIONS = NO;
				ENABLE_STRICT_OBJC_MSGSEND = YES;
				GCC_C_LANGUAGE_STANDARD = gnu11;
				GCC_NO_COMMON_BLOCKS = YES;
				GCC_WARN_64_TO_32_BIT_CONVERSION = YES;
				GCC_WARN_ABOUT_RETURN_TYPE = YES_ERROR;
				GCC_WARN_UNDECLARED_SELECTOR = YES;
				GCC_WARN_UNINITIALIZED_AUTOS = YES_AGGRESSIVE;
				GCC_WARN_UNUSED_FUNCTION = YES;
				GCC_WARN_UNUSED_VARIABLE = YES;
				IPHONEOS_DEPLOYMENT_TARGET = 16.2;
				MTL_ENABLE_DEBUG_INFO = NO;
				MTL_FAST_MATH = YES;
				SDKROOT = iphoneos;
				SWIFT_COMPILATION_MODE = wholemodule;
				SWIFT_OPTIMIZATION_LEVEL = "-O";
				VALIDATE_PRODUCT = YES;
			};
			name = Release;
		};
		7F8A12C62AA0B7FF00AE0109 /* Debug */ = {
			isa = XCBuildConfiguration;
			buildSettings = {
				ASSETCATALOG_COMPILER_APPICON_NAME = AppIcon;
				ASSETCATALOG_COMPILER_GLOBAL_ACCENT_COLOR_NAME = AccentColor;
				CODE_SIGN_STYLE = Automatic;
				CURRENT_PROJECT_VERSION = 1;
				DEVELOPMENT_ASSET_PATHS = "\"LittleLemonCapstone/Preview Content\"";
				DEVELOPMENT_TEAM = 267MD9AH76;
				ENABLE_PREVIEWS = YES;
				GENERATE_INFOPLIST_FILE = YES;
				INFOPLIST_KEY_UIApplicationSceneManifest_Generation = YES;
				INFOPLIST_KEY_UIApplicationSupportsIndirectInputEvents = YES;
				INFOPLIST_KEY_UILaunchScreen_Generation = YES;
				INFOPLIST_KEY_UISupportedInterfaceOrientations_iPad = "UIInterfaceOrientationPortrait UIInterfaceOrientationPortraitUpsideDown UIInterfaceOrientationLandscapeLeft UIInterfaceOrientationLandscapeRight";
				INFOPLIST_KEY_UISupportedInterfaceOrientations_iPhone = "UIInterfaceOrientationPortrait UIInterfaceOrientationLandscapeLeft UIInterfaceOrientationLandscapeRight";
				LD_RUNPATH_SEARCH_PATHS = (
					"$(inherited)",
					"@executable_path/Frameworks",
				);
				MARKETING_VERSION = 1.0;
				PRODUCT_BUNDLE_IDENTIFIER = com.papadoster.LittleLemonCapstone;
				PRODUCT_NAME = "$(TARGET_NAME)";
				SWIFT_EMIT_LOC_STRINGS = YES;
				SWIFT_VERSION = 5.0;
				TARGETED_DEVICE_FAMILY = "1,2";
			};
			name = Debug;
		};
		7F8A12C72AA0B7FF00AE0109 /* Release */ = {
			isa = XCBuildConfiguration;
			buildSettings = {
				ASSETCATALOG_COMPILER_APPICON_NAME = AppIcon;
				ASSETCATALOG_COMPILER_GLOBAL_ACCENT_COLOR_NAME = AccentColor;
				CODE_SIGN_STYLE = Automatic;
				CURRENT_PROJECT_VERSION = 1;
				DEVELOPMENT_ASSET_PATHS = "\"LittleLemonCapstone/Preview Content\"";
				DEVELOPMENT_TEAM = 267MD9AH76;
				ENABLE_PREVIEWS = YES;
				GENERATE_INFOPLIST_FILE = YES;
				INFOPLIST_KEY_UIApplicationSceneManifest_Generation = YES;
				INFOPLIST_KEY_UIApplicationSupportsIndirectInputEvents = YES;
				INFOPLIST_KEY_UILaunchScreen_Generation = YES;
				INFOPLIST_KEY_UISupportedInterfaceOrientations_iPad = "UIInterfaceOrientationPortrait UIInterfaceOrientationPortraitUpsideDown UIInterfaceOrientationLandscapeLeft UIInterfaceOrientationLandscapeRight";
				INFOPLIST_KEY_UISupportedInterfaceOrientations_iPhone = "UIInterfaceOrientationPortrait UIInterfaceOrientationLandscapeLeft UIInterfaceOrientationLandscapeRight";
				LD_RUNPATH_SEARCH_PATHS = (
					"$(inherited)",
					"@executable_path/Frameworks",
				);
				MARKETING_VERSION = 1.0;
				PRODUCT_BUNDLE_IDENTIFIER = com.papadoster.LittleLemonCapstone;
				PRODUCT_NAME = "$(TARGET_NAME)";
				SWIFT_EMIT_LOC_STRINGS = YES;
				SWIFT_VERSION = 5.0;
				TARGETED_DEVICE_FAMILY = "1,2";
			};
			name = Release;
		};
/* End XCBuildConfiguration section */

/* Begin XCConfigurationList section */
		7F8A12AD2AA0B7FD00AE0109 /* Build configuration list for PBXProject "LittleLemonCapstone" */ = {
			isa = XCConfigurationList;
			buildConfigurations = (
				7F8A12C32AA0B7FF00AE0109 /* Debug */,
				7F8A12C42AA0B7FF00AE0109 /* Release */,
			);
			defaultConfigurationIsVisible = 0;
			defaultConfigurationName = Release;
		};
		7F8A12C52AA0B7FF00AE0109 /* Build configuration list for PBXNativeTarget "LittleLemonCapstone" */ = {
			isa = XCConfigurationList;
			buildConfigurations = (
				7F8A12C62AA0B7FF00AE0109 /* Debug */,
				7F8A12C72AA0B7FF00AE0109 /* Release */,
			);
			defaultConfigurationIsVisible = 0;
			defaultConfigurationName = Release;
		};
/* End XCConfigurationList section */

/* Begin XCVersionGroup section */
		7F8A12C02AA0B7FF00AE0109 /* LittleLemonCapstone.xcdatamodeld */ = {
			isa = XCVersionGroup;
			children = (
				7F8A12C12AA0B7FF00AE0109 /* LittleLemonCapstone.xcdatamodel */,
			);
			currentVersion = 7F8A12C12AA0B7FF00AE0109 /* LittleLemonCapstone.xcdatamodel */;
			path = LittleLemonCapstone.xcdatamodeld;
			sourceTree = "<group>";
			versionGroupType = wrapper.xcdatamodel;
		};
/* End XCVersionGroup section */
	};
	rootObject = 7F8A12AA2AA0B7FD00AE0109 /* Project object */;
}
